
Microsoft Visual Studio Solution File, Format Version 12.00
# Visual Studio Version 17
VisualStudioVersion = 17.3.32922.545
MinimumVisualStudioVersion = 10.0.40219.1
Project("{9A19103F-16F7-4668-BE54-9A1E7A4F7556}") = "DCPU16", "DCPU16\DCPU16.csproj", "{738B11F1-4933-48C8-A80A-F3E9864B5464}"
EndProject
Project("{9A19103F-16F7-4668-BE54-9A1E7A4F7556}") = "DCPU16.Tests", "DCPU16.Tests\DCPU16.Tests.csproj", "{184FBE1A-60C0-41BD-9BF0-BFDCFC5601AD}"
EndProject
Project("{9A19103F-16F7-4668-BE54-9A1E7A4F7556}") = "Assembler", "Assembler\Assembler.csproj", "{1CAD66D7-F2CE-42B8-B746-8209CFA68A1E}"
EndProject
Project("{9A19103F-16F7-4668-BE54-9A1E7A4F7556}") = "IDE", "IDE\IDE.csproj", "{C62CD183-0577-4B06-A0C3-14513CC27EB7}"
EndProject
Project("{9A19103F-16F7-4668-BE54-9A1E7A4F7556}") = "Assembler.Frontend", "Assembler.Frontend\Assembler.Frontend.csproj", "{1415FD4D-CDC7-456A-B336-B57DA53356F3}"
EndProject
Project("{FAE04EC0-301F-11D3-BF4B-00C04F79EFBC}") = "DCPU16.Frontend", "DCPU16.Frontend\DCPU16.Frontend.csproj", "{8FE8484A-0393-45B2-9EB9-D9E7E754CC2C}"
EndProject
Global
	GlobalSection(SolutionConfigurationPlatforms) = preSolution
		Debug|Any CPU = Debug|Any CPU
		Release|Any CPU = Release|Any CPU
	EndGlobalSection
	GlobalSection(ProjectConfigurationPlatforms) = postSolution
		{738B11F1-4933-48C8-A80A-F3E9864B5464}.Debug|Any CPU.ActiveCfg = Debug|Any CPU
		{738B11F1-4933-48C8-A80A-F3E9864B5464}.Debug|Any CPU.Build.0 = Debug|Any CPU
		{738B11F1-4933-48C8-A80A-F3E9864B5464}.Release|Any CPU.ActiveCfg = Release|Any CPU
		{738B11F1-4933-48C8-A80A-F3E9864B5464}.Release|Any CPU.Build.0 = Release|Any CPU
		{184FBE1A-60C0-41BD-9BF0-BFDCFC5601AD}.Debug|Any CPU.ActiveCfg = Debug|Any CPU
		{184FBE1A-60C0-41BD-9BF0-BFDCFC5601AD}.Debug|Any CPU.Build.0 = Debug|Any CPU
		{184FBE1A-60C0-41BD-9BF0-BFDCFC5601AD}.Release|Any CPU.ActiveCfg = Release|Any CPU
		{184FBE1A-60C0-41BD-9BF0-BFDCFC5601AD}.Release|Any CPU.Build.0 = Release|Any CPU
		{1CAD66D7-F2CE-42B8-B746-8209CFA68A1E}.Debug|Any CPU.ActiveCfg = Debug|Any CPU
		{1CAD66D7-F2CE-42B8-B746-8209CFA68A1E}.Debug|Any CPU.Build.0 = Debug|Any CPU
		{1CAD66D7-F2CE-42B8-B746-8209CFA68A1E}.Release|Any CPU.ActiveCfg = Release|Any CPU
		{1CAD66D7-F2CE-42B8-B746-8209CFA68A1E}.Release|Any CPU.Build.0 = Release|Any CPU
		{C62CD183-0577-4B06-A0C3-14513CC27EB7}.Debug|Any CPU.ActiveCfg = Debug|Any CPU
		{C62CD183-0577-4B06-A0C3-14513CC27EB7}.Debug|Any CPU.Build.0 = Debug|Any CPU
		{C62CD183-0577-4B06-A0C3-14513CC27EB7}.Release|Any CPU.ActiveCfg = Release|Any CPU
		{C62CD183-0577-4B06-A0C3-14513CC27EB7}.Release|Any CPU.Build.0 = Release|Any CPU
		{1415FD4D-CDC7-456A-B336-B57DA53356F3}.Debug|Any CPU.ActiveCfg = Debug|Any CPU
		{1415FD4D-CDC7-456A-B336-B57DA53356F3}.Debug|Any CPU.Build.0 = Debug|Any CPU
		{1415FD4D-CDC7-456A-B336-B57DA53356F3}.Release|Any CPU.ActiveCfg = Release|Any CPU
		{1415FD4D-CDC7-456A-B336-B57DA53356F3}.Release|Any CPU.Build.0 = Release|Any CPU
		{8FE8484A-0393-45B2-9EB9-D9E7E754CC2C}.Debug|Any CPU.ActiveCfg = Debug|Any CPU
		{8FE8484A-0393-45B2-9EB9-D9E7E754CC2C}.Debug|Any CPU.Build.0 = Debug|Any CPU
		{8FE8484A-0393-45B2-9EB9-D9E7E754CC2C}.Release|Any CPU.ActiveCfg = Release|Any CPU
		{8FE8484A-0393-45B2-9EB9-D9E7E754CC2C}.Release|Any CPU.Build.0 = Release|Any CPU
	EndGlobalSection
	GlobalSection(SolutionProperties) = preSolution
		HideSolutionNode = FALSE
	EndGlobalSection
	GlobalSection(ExtensibilityGlobals) = postSolution
		SolutionGuid = {85E3E028-AAE6-4693-9EB6-353921CFAE8C}
	EndGlobalSection
EndGlobal
